
Microsoft Visual Studio Solution File, Format Version 12.00
# Visual Studio Version 16
VisualStudioVersion = 16.0.29326.143
MinimumVisualStudioVersion = 10.0.40219.1
Project("{FAE04EC0-301F-11D3-BF4B-00C04F79EFBC}") = "Blog", "Blog\Blog.csproj", "{A7088F34-1D7A-47CE-A638-D338DA834CED}"
EndProject
Global
	GlobalSection(SolutionConfigurationPlatforms) = preSolution
		Debug|Any CPU = Debug|Any CPU
		Release|Any CPU = Release|Any CPU
	EndGlobalSection
	GlobalSection(ProjectConfigurationPlatforms) = postSolution
		{A7088F34-1D7A-47CE-A638-D338DA834CED}.Debug|Any CPU.ActiveCfg = Debug|Any CPU
		{A7088F34-1D7A-47CE-A638-D338DA834CED}.Debug|Any CPU.Build.0 = Debug|Any CPU
		{A7088F34-1D7A-47CE-A638-D338DA834CED}.Release|Any CPU.ActiveCfg = Release|Any CPU
		{A7088F34-1D7A-47CE-A638-D338DA834CED}.Release|Any CPU.Build.0 = Release|Any CPU
	EndGlobalSection
	GlobalSection(SolutionProperties) = preSolution
		HideSolutionNode = FALSE
	EndGlobalSection
	GlobalSection(ExtensibilityGlobals) = postSolution
		SolutionGuid = {B9A75A82-68AB-49E3-B0A8-9EEC09764D80}
	EndGlobalSection
EndGlobal
